
Microsoft Visual Studio Solution File, Format Version 12.00
# Visual Studio Version 17
VisualStudioVersion = 17.3.32929.385
MinimumVisualStudioVersion = 10.0.40219.1
Project("{FAE04EC0-301F-11D3-BF4B-00C04F79EFBC}") = "Практическая 1", "Практическая 1\Практическая 1.csproj", "{234AA690-82F3-4859-AB10-A21AF53D8E4F}"
EndProject
Global
	GlobalSection(SolutionConfigurationPlatforms) = preSolution
		Debug|Any CPU = Debug|Any CPU
		Release|Any CPU = Release|Any CPU
	EndGlobalSection
	GlobalSection(ProjectConfigurationPlatforms) = postSolution
		{234AA690-82F3-4859-AB10-A21AF53D8E4F}.Debug|Any CPU.ActiveCfg = Debug|Any CPU
		{234AA690-82F3-4859-AB10-A21AF53D8E4F}.Debug|Any CPU.Build.0 = Debug|Any CPU
		{234AA690-82F3-4859-AB10-A21AF53D8E4F}.Release|Any CPU.ActiveCfg = Release|Any CPU
		{234AA690-82F3-4859-AB10-A21AF53D8E4F}.Release|Any CPU.Build.0 = Release|Any CPU
	EndGlobalSection
	GlobalSection(SolutionProperties) = preSolution
		HideSolutionNode = FALSE
	EndGlobalSection
	GlobalSection(ExtensibilityGlobals) = postSolution
		SolutionGuid = {B861966F-6EA4-4B82-A9A4-BD105262947E}
	EndGlobalSection
EndGlobal
